
Microsoft Visual Studio Solution File, Format Version 12.00
# Visual Studio 15
VisualStudioVersion = 15.0.26403.0
MinimumVisualStudioVersion = 10.0.40219.1
Project("{FAE04EC0-301F-11D3-BF4B-00C04F79EFBC}") = "WinFormApp", "WinFormApp\WinFormApp.csproj", "{868895C4-FEDB-494B-86FA-473AEA4E9731}"
	ProjectSection(ProjectDependencies) = postProject
		{2A527CA6-8869-44AB-9E57-6B1B48850B0D} = {2A527CA6-8869-44AB-9E57-6B1B48850B0D}
	EndProjectSection
EndProject
Project("{FAE04EC0-301F-11D3-BF4B-00C04F79EFBC}") = "WcfDemo", "WcfDemo\WcfDemo.csproj", "{2A527CA6-8869-44AB-9E57-6B1B48850B0D}"
EndProject
Global
	GlobalSection(SolutionConfigurationPlatforms) = preSolution
		Debug|Any CPU = Debug|Any CPU
		Release|Any CPU = Release|Any CPU
	EndGlobalSection
	GlobalSection(ProjectConfigurationPlatforms) = postSolution
		{868895C4-FEDB-494B-86FA-473AEA4E9731}.Debug|Any CPU.ActiveCfg = Debug|Any CPU
		{868895C4-FEDB-494B-86FA-473AEA4E9731}.Debug|Any CPU.Build.0 = Debug|Any CPU
		{868895C4-FEDB-494B-86FA-473AEA4E9731}.Release|Any CPU.ActiveCfg = Release|Any CPU
		{868895C4-FEDB-494B-86FA-473AEA4E9731}.Release|Any CPU.Build.0 = Release|Any CPU
		{2A527CA6-8869-44AB-9E57-6B1B48850B0D}.Debug|Any CPU.ActiveCfg = Debug|Any CPU
		{2A527CA6-8869-44AB-9E57-6B1B48850B0D}.Debug|Any CPU.Build.0 = Debug|Any CPU
		{2A527CA6-8869-44AB-9E57-6B1B48850B0D}.Release|Any CPU.ActiveCfg = Release|Any CPU
		{2A527CA6-8869-44AB-9E57-6B1B48850B0D}.Release|Any CPU.Build.0 = Release|Any CPU
	EndGlobalSection
	GlobalSection(SolutionProperties) = preSolution
		HideSolutionNode = FALSE
	EndGlobalSection
EndGlobal
